
Microsoft Visual Studio Solution File, Format Version 12.00
# Visual Studio Version 17
VisualStudioVersion = 17.11.35219.272
MinimumVisualStudioVersion = 10.0.40219.1
Project("{9A19103F-16F7-4668-BE54-9A1E7A4F7556}") = "smtOffice.Presentation", "smtOffice.Presentation\smtOffice.Presentation.csproj", "{48BDE377-19A6-41E1-BEC9-3F8676DB5478}"
EndProject
Project("{9A19103F-16F7-4668-BE54-9A1E7A4F7556}") = "smtOffice.Application", "smtOffice.Application\smtOffice.Application.csproj", "{6F2C27D7-B62B-41F2-87F2-986EFA098B9D}"
EndProject
Project("{FAE04EC0-301F-11D3-BF4B-00C04F79EFBC}") = "smtOffice.Domain", "smtOffice.Domain\smtOffice.Domain.csproj", "{7C7863A3-EEF2-4F64-8CAA-FEECA1F97A10}"
EndProject
Project("{FAE04EC0-301F-11D3-BF4B-00C04F79EFBC}") = "smtoffice.Infrastructure", "smtoffice.Infrastructure\smtoffice.Infrastructure.csproj", "{579E4243-D2D1-434F-9939-2BF5CEC7BEEB}"
EndProject
Global
	GlobalSection(SolutionConfigurationPlatforms) = preSolution
		Debug|Any CPU = Debug|Any CPU
		Release|Any CPU = Release|Any CPU
	EndGlobalSection
	GlobalSection(ProjectConfigurationPlatforms) = postSolution
		{48BDE377-19A6-41E1-BEC9-3F8676DB5478}.Debug|Any CPU.ActiveCfg = Debug|Any CPU
		{48BDE377-19A6-41E1-BEC9-3F8676DB5478}.Debug|Any CPU.Build.0 = Debug|Any CPU
		{48BDE377-19A6-41E1-BEC9-3F8676DB5478}.Release|Any CPU.ActiveCfg = Release|Any CPU
		{48BDE377-19A6-41E1-BEC9-3F8676DB5478}.Release|Any CPU.Build.0 = Release|Any CPU
		{6F2C27D7-B62B-41F2-87F2-986EFA098B9D}.Debug|Any CPU.ActiveCfg = Debug|Any CPU
		{6F2C27D7-B62B-41F2-87F2-986EFA098B9D}.Debug|Any CPU.Build.0 = Debug|Any CPU
		{6F2C27D7-B62B-41F2-87F2-986EFA098B9D}.Release|Any CPU.ActiveCfg = Release|Any CPU
		{6F2C27D7-B62B-41F2-87F2-986EFA098B9D}.Release|Any CPU.Build.0 = Release|Any CPU
		{7C7863A3-EEF2-4F64-8CAA-FEECA1F97A10}.Debug|Any CPU.ActiveCfg = Debug|Any CPU
		{7C7863A3-EEF2-4F64-8CAA-FEECA1F97A10}.Debug|Any CPU.Build.0 = Debug|Any CPU
		{7C7863A3-EEF2-4F64-8CAA-FEECA1F97A10}.Release|Any CPU.ActiveCfg = Release|Any CPU
		{7C7863A3-EEF2-4F64-8CAA-FEECA1F97A10}.Release|Any CPU.Build.0 = Release|Any CPU
		{579E4243-D2D1-434F-9939-2BF5CEC7BEEB}.Debug|Any CPU.ActiveCfg = Debug|Any CPU
		{579E4243-D2D1-434F-9939-2BF5CEC7BEEB}.Debug|Any CPU.Build.0 = Debug|Any CPU
		{579E4243-D2D1-434F-9939-2BF5CEC7BEEB}.Release|Any CPU.ActiveCfg = Release|Any CPU
		{579E4243-D2D1-434F-9939-2BF5CEC7BEEB}.Release|Any CPU.Build.0 = Release|Any CPU
	EndGlobalSection
	GlobalSection(SolutionProperties) = preSolution
		HideSolutionNode = FALSE
	EndGlobalSection
	GlobalSection(ExtensibilityGlobals) = postSolution
		SolutionGuid = {1C6406A6-21D1-4D66-A404-35F227161F3B}
	EndGlobalSection
EndGlobal
