
Microsoft Visual Studio Solution File, Format Version 12.00
# Visual Studio Version 17
VisualStudioVersion = 17.11.35219.272
MinimumVisualStudioVersion = 10.0.40219.1
Project("{FAE04EC0-301F-11D3-BF4B-00C04F79EFBC}") = "smtOffice.Presentation", "smtOffice.Presentation\smtOffice.Presentation.csproj", "{48BDE377-19A6-41E1-BEC9-3F8676DB5478}"
EndProject
Global
	GlobalSection(SolutionConfigurationPlatforms) = preSolution
		Debug|Any CPU = Debug|Any CPU
		Release|Any CPU = Release|Any CPU
	EndGlobalSection
	GlobalSection(ProjectConfigurationPlatforms) = postSolution
		{48BDE377-19A6-41E1-BEC9-3F8676DB5478}.Debug|Any CPU.ActiveCfg = Debug|Any CPU
		{48BDE377-19A6-41E1-BEC9-3F8676DB5478}.Debug|Any CPU.Build.0 = Debug|Any CPU
		{48BDE377-19A6-41E1-BEC9-3F8676DB5478}.Release|Any CPU.ActiveCfg = Release|Any CPU
		{48BDE377-19A6-41E1-BEC9-3F8676DB5478}.Release|Any CPU.Build.0 = Release|Any CPU
	EndGlobalSection
	GlobalSection(SolutionProperties) = preSolution
		HideSolutionNode = FALSE
	EndGlobalSection
	GlobalSection(ExtensibilityGlobals) = postSolution
		SolutionGuid = {1C6406A6-21D1-4D66-A404-35F227161F3B}
	EndGlobalSection
EndGlobal
